
Microsoft Visual Studio Solution File, Format Version 11.00
# Visual Studio 2010
Project("{FAE04EC0-301F-11D3-BF4B-00C04F79EFBC}") = "Unity.Timeline", "Unity.Timeline.csproj", "{016b36bc-7a79-4fd6-deea-c120a725b7fa}"
EndProject
Project("{FAE04EC0-301F-11D3-BF4B-00C04F79EFBC}") = "Unity.Timeline.Editor", "Unity.Timeline.Editor.csproj", "{9ae0ec6c-30f1-207f-5f81-760a940fbb7b}"
EndProject
Project("{FAE04EC0-301F-11D3-BF4B-00C04F79EFBC}") = "Unity.TextMeshPro.Editor", "Unity.TextMeshPro.Editor.csproj", "{f02c1960-6383-8aad-39fe-e2f2965508f0}"
EndProject
Project("{FAE04EC0-301F-11D3-BF4B-00C04F79EFBC}") = "Unity.VisualScripting.Flow", "Unity.VisualScripting.Flow.csproj", "{98da043f-05aa-fd1b-d17b-7f400a79422f}"
EndProject
Project("{FAE04EC0-301F-11D3-BF4B-00C04F79EFBC}") = "UnityEditor.UI", "UnityEditor.UI.csproj", "{28d79c4e-eec3-ca95-0a38-e16074cba910}"
EndProject
Project("{FAE04EC0-301F-11D3-BF4B-00C04F79EFBC}") = "Unity.PlasticSCM.Editor", "Unity.PlasticSCM.Editor.csproj", "{1f4a1012-6e82-6eb5-486a-684940336d0f}"
EndProject
Project("{FAE04EC0-301F-11D3-BF4B-00C04F79EFBC}") = "Unity.VisualScripting.Core", "Unity.VisualScripting.Core.csproj", "{8be3d244-60ec-02ef-bf8a-976f1c762965}"
EndProject
Project("{FAE04EC0-301F-11D3-BF4B-00C04F79EFBC}") = "Unity.Mathematics", "Unity.Mathematics.csproj", "{a018d585-4e2f-9795-6875-8039d3309f3e}"
EndProject
Project("{FAE04EC0-301F-11D3-BF4B-00C04F79EFBC}") = "Unity.2D.Animation.Editor", "Unity.2D.Animation.Editor.csproj", "{5f915307-13c0-89ff-4ce5-80c7788efafa}"
EndProject
Project("{FAE04EC0-301F-11D3-BF4B-00C04F79EFBC}") = "Unity.2D.Common.Path.Editor", "Unity.2D.Common.Path.Editor.csproj", "{10a1bde8-e7a6-a575-fe4e-924b8f499a3a}"
EndProject
Project("{FAE04EC0-301F-11D3-BF4B-00C04F79EFBC}") = "Unity.VisualScripting.Core.Editor", "Unity.VisualScripting.Core.Editor.csproj", "{3c296ce8-9f60-1b83-39f2-cc8f380bf968}"
EndProject
Project("{FAE04EC0-301F-11D3-BF4B-00C04F79EFBC}") = "Unity.2D.IK.Runtime", "Unity.2D.IK.Runtime.csproj", "{ab12cfc3-98a5-0296-c45e-47075fae46ff}"
EndProject
Project("{FAE04EC0-301F-11D3-BF4B-00C04F79EFBC}") = "Unity.VisualScripting.Flow.Editor", "Unity.VisualScripting.Flow.Editor.csproj", "{32c9f775-44d4-c009-fad3-661bb6535600}"
EndProject
Project("{FAE04EC0-301F-11D3-BF4B-00C04F79EFBC}") = "UnityEditor.TestRunner", "UnityEditor.TestRunner.csproj", "{e9783445-549d-599c-8f29-374815283917}"
EndProject
Project("{FAE04EC0-301F-11D3-BF4B-00C04F79EFBC}") = "Unity.VisualScripting.SettingsProvider.Editor", "Unity.VisualScripting.SettingsProvider.Editor.csproj", "{40bb3f2a-5140-416d-36f7-86339a558725}"
EndProject
Project("{FAE04EC0-301F-11D3-BF4B-00C04F79EFBC}") = "UnityEngine.TestRunner", "UnityEngine.TestRunner.csproj", "{1a18e6cb-7928-62c2-feeb-88a640369bde}"
EndProject
Project("{FAE04EC0-301F-11D3-BF4B-00C04F79EFBC}") = "Unity.Burst", "Unity.Burst.csproj", "{3a0da3ed-cef1-0e3e-8820-091c313c0fd9}"
EndProject
Project("{FAE04EC0-301F-11D3-BF4B-00C04F79EFBC}") = "UnityEngine.UI", "UnityEngine.UI.csproj", "{2cd58ea7-b5f6-0706-ebe2-c135d2070663}"
EndProject
Project("{FAE04EC0-301F-11D3-BF4B-00C04F79EFBC}") = "Unity.AI.Navigation.Editor", "Unity.AI.Navigation.Editor.csproj", "{485926f2-c3f9-fa82-8dc7-e1705093ba7c}"
EndProject
Project("{FAE04EC0-301F-11D3-BF4B-00C04F79EFBC}") = "Unity.Collections", "Unity.Collections.csproj", "{1d69dc23-dcb2-8ab0-43ff-8085be63b7bb}"
EndProject
Project("{FAE04EC0-301F-11D3-BF4B-00C04F79EFBC}") = "Assembly-CSharp-Editor-firstpass", "Assembly-CSharp-Editor-firstpass.csproj", "{12d9c976-0285-289a-38b0-ced60f2d9502}"
EndProject
Project("{FAE04EC0-301F-11D3-BF4B-00C04F79EFBC}") = "Unity.VisualStudio.Editor", "Unity.VisualStudio.Editor.csproj", "{54c0116e-e298-86d1-4ec1-c147a3e80707}"
EndProject
Project("{FAE04EC0-301F-11D3-BF4B-00C04F79EFBC}") = "Unity.Rider.Editor", "Unity.Rider.Editor.csproj", "{c82d6544-18d2-fd19-c8c1-81d97de102e6}"
EndProject
Project("{FAE04EC0-301F-11D3-BF4B-00C04F79EFBC}") = "Unity.InternalAPIEditorBridge.001", "Unity.InternalAPIEditorBridge.001.csproj", "{61a4fbce-2b3d-1b81-0a30-aa8476ff7cfe}"
EndProject
Project("{FAE04EC0-301F-11D3-BF4B-00C04F79EFBC}") = "Unity.AI.Navigation", "Unity.AI.Navigation.csproj", "{8eebdab5-a26b-d335-f9be-8f5f6ac80d06}"
EndProject
Project("{FAE04EC0-301F-11D3-BF4B-00C04F79EFBC}") = "Unity.AI.Navigation.Editor.ConversionSystem", "Unity.AI.Navigation.Editor.ConversionSystem.csproj", "{ea6ed09d-5046-cc90-a199-9c281a27d55e}"
EndProject
Project("{FAE04EC0-301F-11D3-BF4B-00C04F79EFBC}") = "Unity.VisualScripting.State.Editor", "Unity.VisualScripting.State.Editor.csproj", "{d4ea70dc-0feb-40d4-0dfd-213305669d48}"
EndProject
Project("{FAE04EC0-301F-11D3-BF4B-00C04F79EFBC}") = "Unity.2D.Animation.Runtime", "Unity.2D.Animation.Runtime.csproj", "{613677c5-0e61-8000-5b06-89f64bf775c4}"
EndProject
Project("{FAE04EC0-301F-11D3-BF4B-00C04F79EFBC}") = "Unity.Burst.CodeGen", "Unity.Burst.CodeGen.csproj", "{9443ffd5-16c6-c376-53bf-c1f58df7b76a}"
EndProject
Project("{FAE04EC0-301F-11D3-BF4B-00C04F79EFBC}") = "Unity.VisualScripting.State", "Unity.VisualScripting.State.csproj", "{4324c24d-9169-c702-6fb2-ca1e689a5cc4}"
EndProject
Project("{FAE04EC0-301F-11D3-BF4B-00C04F79EFBC}") = "Unity.TextMeshPro", "Unity.TextMeshPro.csproj", "{ac70fa3a-441a-903c-e6d2-1e9944d874f3}"
EndProject
Project("{FAE04EC0-301F-11D3-BF4B-00C04F79EFBC}") = "Assembly-CSharp", "Assembly-CSharp.csproj", "{3e8f15f6-d513-8501-a36a-1f1bac43252b}"
EndProject
Project("{FAE04EC0-301F-11D3-BF4B-00C04F79EFBC}") = "Assembly-CSharp-firstpass", "Assembly-CSharp-firstpass.csproj", "{48197a50-bb08-7818-995e-2c4efa0a948c}"
EndProject
Project("{FAE04EC0-301F-11D3-BF4B-00C04F79EFBC}") = "Unity.VSCode.Editor", "Unity.VSCode.Editor.csproj", "{7f5eae69-10a7-25b5-fd59-7ae2e5683042}"
EndProject
Project("{FAE04EC0-301F-11D3-BF4B-00C04F79EFBC}") = "Unity.2D.IK.Editor", "Unity.2D.IK.Editor.csproj", "{4f7ddeba-95fd-c883-d49e-dd72ea9273f7}"
EndProject
Project("{FAE04EC0-301F-11D3-BF4B-00C04F79EFBC}") = "Unity.InternalAPIEngineBridge.001", "Unity.InternalAPIEngineBridge.001.csproj", "{1d24c110-fcb2-6219-3428-5048f16996e8}"
EndProject
Project("{FAE04EC0-301F-11D3-BF4B-00C04F79EFBC}") = "Unity.Burst.Editor", "Unity.Burst.Editor.csproj", "{6390344e-b012-0e28-0f91-0dc21fb0a565}"
EndProject
Project("{FAE04EC0-301F-11D3-BF4B-00C04F79EFBC}") = "Unity.2D.Common.Editor", "Unity.2D.Common.Editor.csproj", "{57c98008-051a-4c78-a4e4-8c4fb803b88a}"
EndProject
Project("{FAE04EC0-301F-11D3-BF4B-00C04F79EFBC}") = "Unity.2D.Sprite.Editor", "Unity.2D.Sprite.Editor.csproj", "{b63b099a-6327-626e-de70-3e29e96580dd}"
EndProject
Project("{FAE04EC0-301F-11D3-BF4B-00C04F79EFBC}") = "Unity.AI.Navigation.Updater", "Unity.AI.Navigation.Updater.csproj", "{569c5f47-6957-6512-03eb-c6a4ff1548ba}"
EndProject
Project("{FAE04EC0-301F-11D3-BF4B-00C04F79EFBC}") = "Unity.2D.Common.Runtime", "Unity.2D.Common.Runtime.csproj", "{27ee1eee-8ceb-29dd-f023-9233c3fae012}"
EndProject
Project("{FAE04EC0-301F-11D3-BF4B-00C04F79EFBC}") = "Unity.EditorCoroutines.Editor", "Unity.EditorCoroutines.Editor.csproj", "{4c3d9024-1dd1-272c-1dae-04a3ada6fe96}"
EndProject
Project("{FAE04EC0-301F-11D3-BF4B-00C04F79EFBC}") = "Unity.Mathematics.Editor", "Unity.Mathematics.Editor.csproj", "{fe466aea-6b80-b4b2-bcee-f6c25e3bb72c}"
EndProject
Project("{FAE04EC0-301F-11D3-BF4B-00C04F79EFBC}") = "Assembly-CSharp-Editor", "Assembly-CSharp-Editor.csproj", "{66ad6671-70d6-8927-43ac-8d44c07e5425}"
EndProject
Project("{FAE04EC0-301F-11D3-BF4B-00C04F79EFBC}") = "Unity.Collections.BurstCompatibilityGen", "Unity.Collections.BurstCompatibilityGen.csproj", "{633ac95a-871f-9079-1c78-25358e2bad16}"
EndProject
Project("{FAE04EC0-301F-11D3-BF4B-00C04F79EFBC}") = "Unity.VisualScripting.Shared.Editor", "Unity.VisualScripting.Shared.Editor.csproj", "{51e346cc-36d7-4b06-0e44-8751fa5502f0}"
EndProject
Project("{FAE04EC0-301F-11D3-BF4B-00C04F79EFBC}") = "Unity.Collections.DocCodeSamples", "Unity.Collections.DocCodeSamples.csproj", "{2d01521e-4117-df4e-fd3c-7c1fc08f9478}"
EndProject
Project("{FAE04EC0-301F-11D3-BF4B-00C04F79EFBC}") = "Unity.CollabProxy.Editor", "Unity.CollabProxy.Editor.csproj", "{507e3dc2-fad9-83dd-393c-272e4d49353f}"
EndProject
Global
	GlobalSection(SolutionConfigurationPlatforms) = preSolution
		Debug|Any CPU = Debug|Any CPU
	EndGlobalSection
	GlobalSection(ProjectConfigurationPlatforms) = postSolution
		{016b36bc-7a79-4fd6-deea-c120a725b7fa}.Debug|Any CPU.ActiveCfg = Debug|Any CPU
		{016b36bc-7a79-4fd6-deea-c120a725b7fa}.Debug|Any CPU.Build.0 = Debug|Any CPU
		{9ae0ec6c-30f1-207f-5f81-760a940fbb7b}.Debug|Any CPU.ActiveCfg = Debug|Any CPU
		{9ae0ec6c-30f1-207f-5f81-760a940fbb7b}.Debug|Any CPU.Build.0 = Debug|Any CPU
		{f02c1960-6383-8aad-39fe-e2f2965508f0}.Debug|Any CPU.ActiveCfg = Debug|Any CPU
		{f02c1960-6383-8aad-39fe-e2f2965508f0}.Debug|Any CPU.Build.0 = Debug|Any CPU
		{98da043f-05aa-fd1b-d17b-7f400a79422f}.Debug|Any CPU.ActiveCfg = Debug|Any CPU
		{98da043f-05aa-fd1b-d17b-7f400a79422f}.Debug|Any CPU.Build.0 = Debug|Any CPU
		{28d79c4e-eec3-ca95-0a38-e16074cba910}.Debug|Any CPU.ActiveCfg = Debug|Any CPU
		{28d79c4e-eec3-ca95-0a38-e16074cba910}.Debug|Any CPU.Build.0 = Debug|Any CPU
		{1f4a1012-6e82-6eb5-486a-684940336d0f}.Debug|Any CPU.ActiveCfg = Debug|Any CPU
		{1f4a1012-6e82-6eb5-486a-684940336d0f}.Debug|Any CPU.Build.0 = Debug|Any CPU
		{8be3d244-60ec-02ef-bf8a-976f1c762965}.Debug|Any CPU.ActiveCfg = Debug|Any CPU
		{8be3d244-60ec-02ef-bf8a-976f1c762965}.Debug|Any CPU.Build.0 = Debug|Any CPU
		{a018d585-4e2f-9795-6875-8039d3309f3e}.Debug|Any CPU.ActiveCfg = Debug|Any CPU
		{a018d585-4e2f-9795-6875-8039d3309f3e}.Debug|Any CPU.Build.0 = Debug|Any CPU
		{5f915307-13c0-89ff-4ce5-80c7788efafa}.Debug|Any CPU.ActiveCfg = Debug|Any CPU
		{5f915307-13c0-89ff-4ce5-80c7788efafa}.Debug|Any CPU.Build.0 = Debug|Any CPU
		{10a1bde8-e7a6-a575-fe4e-924b8f499a3a}.Debug|Any CPU.ActiveCfg = Debug|Any CPU
		{10a1bde8-e7a6-a575-fe4e-924b8f499a3a}.Debug|Any CPU.Build.0 = Debug|Any CPU
		{3c296ce8-9f60-1b83-39f2-cc8f380bf968}.Debug|Any CPU.ActiveCfg = Debug|Any CPU
		{3c296ce8-9f60-1b83-39f2-cc8f380bf968}.Debug|Any CPU.Build.0 = Debug|Any CPU
		{ab12cfc3-98a5-0296-c45e-47075fae46ff}.Debug|Any CPU.ActiveCfg = Debug|Any CPU
		{ab12cfc3-98a5-0296-c45e-47075fae46ff}.Debug|Any CPU.Build.0 = Debug|Any CPU
		{32c9f775-44d4-c009-fad3-661bb6535600}.Debug|Any CPU.ActiveCfg = Debug|Any CPU
		{32c9f775-44d4-c009-fad3-661bb6535600}.Debug|Any CPU.Build.0 = Debug|Any CPU
		{e9783445-549d-599c-8f29-374815283917}.Debug|Any CPU.ActiveCfg = Debug|Any CPU
		{e9783445-549d-599c-8f29-374815283917}.Debug|Any CPU.Build.0 = Debug|Any CPU
		{40bb3f2a-5140-416d-36f7-86339a558725}.Debug|Any CPU.ActiveCfg = Debug|Any CPU
		{40bb3f2a-5140-416d-36f7-86339a558725}.Debug|Any CPU.Build.0 = Debug|Any CPU
		{1a18e6cb-7928-62c2-feeb-88a640369bde}.Debug|Any CPU.ActiveCfg = Debug|Any CPU
		{1a18e6cb-7928-62c2-feeb-88a640369bde}.Debug|Any CPU.Build.0 = Debug|Any CPU
		{3a0da3ed-cef1-0e3e-8820-091c313c0fd9}.Debug|Any CPU.ActiveCfg = Debug|Any CPU
		{3a0da3ed-cef1-0e3e-8820-091c313c0fd9}.Debug|Any CPU.Build.0 = Debug|Any CPU
		{2cd58ea7-b5f6-0706-ebe2-c135d2070663}.Debug|Any CPU.ActiveCfg = Debug|Any CPU
		{2cd58ea7-b5f6-0706-ebe2-c135d2070663}.Debug|Any CPU.Build.0 = Debug|Any CPU
		{485926f2-c3f9-fa82-8dc7-e1705093ba7c}.Debug|Any CPU.ActiveCfg = Debug|Any CPU
		{485926f2-c3f9-fa82-8dc7-e1705093ba7c}.Debug|Any CPU.Build.0 = Debug|Any CPU
		{1d69dc23-dcb2-8ab0-43ff-8085be63b7bb}.Debug|Any CPU.ActiveCfg = Debug|Any CPU
		{1d69dc23-dcb2-8ab0-43ff-8085be63b7bb}.Debug|Any CPU.Build.0 = Debug|Any CPU
		{12d9c976-0285-289a-38b0-ced60f2d9502}.Debug|Any CPU.ActiveCfg = Debug|Any CPU
		{12d9c976-0285-289a-38b0-ced60f2d9502}.Debug|Any CPU.Build.0 = Debug|Any CPU
		{54c0116e-e298-86d1-4ec1-c147a3e80707}.Debug|Any CPU.ActiveCfg = Debug|Any CPU
		{54c0116e-e298-86d1-4ec1-c147a3e80707}.Debug|Any CPU.Build.0 = Debug|Any CPU
		{c82d6544-18d2-fd19-c8c1-81d97de102e6}.Debug|Any CPU.ActiveCfg = Debug|Any CPU
		{c82d6544-18d2-fd19-c8c1-81d97de102e6}.Debug|Any CPU.Build.0 = Debug|Any CPU
		{61a4fbce-2b3d-1b81-0a30-aa8476ff7cfe}.Debug|Any CPU.ActiveCfg = Debug|Any CPU
		{61a4fbce-2b3d-1b81-0a30-aa8476ff7cfe}.Debug|Any CPU.Build.0 = Debug|Any CPU
		{8eebdab5-a26b-d335-f9be-8f5f6ac80d06}.Debug|Any CPU.ActiveCfg = Debug|Any CPU
		{8eebdab5-a26b-d335-f9be-8f5f6ac80d06}.Debug|Any CPU.Build.0 = Debug|Any CPU
		{ea6ed09d-5046-cc90-a199-9c281a27d55e}.Debug|Any CPU.ActiveCfg = Debug|Any CPU
		{ea6ed09d-5046-cc90-a199-9c281a27d55e}.Debug|Any CPU.Build.0 = Debug|Any CPU
		{d4ea70dc-0feb-40d4-0dfd-213305669d48}.Debug|Any CPU.ActiveCfg = Debug|Any CPU
		{d4ea70dc-0feb-40d4-0dfd-213305669d48}.Debug|Any CPU.Build.0 = Debug|Any CPU
		{613677c5-0e61-8000-5b06-89f64bf775c4}.Debug|Any CPU.ActiveCfg = Debug|Any CPU
		{613677c5-0e61-8000-5b06-89f64bf775c4}.Debug|Any CPU.Build.0 = Debug|Any CPU
		{9443ffd5-16c6-c376-53bf-c1f58df7b76a}.Debug|Any CPU.ActiveCfg = Debug|Any CPU
		{9443ffd5-16c6-c376-53bf-c1f58df7b76a}.Debug|Any CPU.Build.0 = Debug|Any CPU
		{4324c24d-9169-c702-6fb2-ca1e689a5cc4}.Debug|Any CPU.ActiveCfg = Debug|Any CPU
		{4324c24d-9169-c702-6fb2-ca1e689a5cc4}.Debug|Any CPU.Build.0 = Debug|Any CPU
		{ac70fa3a-441a-903c-e6d2-1e9944d874f3}.Debug|Any CPU.ActiveCfg = Debug|Any CPU
		{ac70fa3a-441a-903c-e6d2-1e9944d874f3}.Debug|Any CPU.Build.0 = Debug|Any CPU
		{3e8f15f6-d513-8501-a36a-1f1bac43252b}.Debug|Any CPU.ActiveCfg = Debug|Any CPU
		{3e8f15f6-d513-8501-a36a-1f1bac43252b}.Debug|Any CPU.Build.0 = Debug|Any CPU
		{48197a50-bb08-7818-995e-2c4efa0a948c}.Debug|Any CPU.ActiveCfg = Debug|Any CPU
		{48197a50-bb08-7818-995e-2c4efa0a948c}.Debug|Any CPU.Build.0 = Debug|Any CPU
		{7f5eae69-10a7-25b5-fd59-7ae2e5683042}.Debug|Any CPU.ActiveCfg = Debug|Any CPU
		{7f5eae69-10a7-25b5-fd59-7ae2e5683042}.Debug|Any CPU.Build.0 = Debug|Any CPU
		{4f7ddeba-95fd-c883-d49e-dd72ea9273f7}.Debug|Any CPU.ActiveCfg = Debug|Any CPU
		{4f7ddeba-95fd-c883-d49e-dd72ea9273f7}.Debug|Any CPU.Build.0 = Debug|Any CPU
		{1d24c110-fcb2-6219-3428-5048f16996e8}.Debug|Any CPU.ActiveCfg = Debug|Any CPU
		{1d24c110-fcb2-6219-3428-5048f16996e8}.Debug|Any CPU.Build.0 = Debug|Any CPU
		{6390344e-b012-0e28-0f91-0dc21fb0a565}.Debug|Any CPU.ActiveCfg = Debug|Any CPU
		{6390344e-b012-0e28-0f91-0dc21fb0a565}.Debug|Any CPU.Build.0 = Debug|Any CPU
		{57c98008-051a-4c78-a4e4-8c4fb803b88a}.Debug|Any CPU.ActiveCfg = Debug|Any CPU
		{57c98008-051a-4c78-a4e4-8c4fb803b88a}.Debug|Any CPU.Build.0 = Debug|Any CPU
		{b63b099a-6327-626e-de70-3e29e96580dd}.Debug|Any CPU.ActiveCfg = Debug|Any CPU
		{b63b099a-6327-626e-de70-3e29e96580dd}.Debug|Any CPU.Build.0 = Debug|Any CPU
		{569c5f47-6957-6512-03eb-c6a4ff1548ba}.Debug|Any CPU.ActiveCfg = Debug|Any CPU
		{569c5f47-6957-6512-03eb-c6a4ff1548ba}.Debug|Any CPU.Build.0 = Debug|Any CPU
		{27ee1eee-8ceb-29dd-f023-9233c3fae012}.Debug|Any CPU.ActiveCfg = Debug|Any CPU
		{27ee1eee-8ceb-29dd-f023-9233c3fae012}.Debug|Any CPU.Build.0 = Debug|Any CPU
		{4c3d9024-1dd1-272c-1dae-04a3ada6fe96}.Debug|Any CPU.ActiveCfg = Debug|Any CPU
		{4c3d9024-1dd1-272c-1dae-04a3ada6fe96}.Debug|Any CPU.Build.0 = Debug|Any CPU
		{fe466aea-6b80-b4b2-bcee-f6c25e3bb72c}.Debug|Any CPU.ActiveCfg = Debug|Any CPU
		{fe466aea-6b80-b4b2-bcee-f6c25e3bb72c}.Debug|Any CPU.Build.0 = Debug|Any CPU
		{66ad6671-70d6-8927-43ac-8d44c07e5425}.Debug|Any CPU.ActiveCfg = Debug|Any CPU
		{66ad6671-70d6-8927-43ac-8d44c07e5425}.Debug|Any CPU.Build.0 = Debug|Any CPU
		{633ac95a-871f-9079-1c78-25358e2bad16}.Debug|Any CPU.ActiveCfg = Debug|Any CPU
		{633ac95a-871f-9079-1c78-25358e2bad16}.Debug|Any CPU.Build.0 = Debug|Any CPU
		{51e346cc-36d7-4b06-0e44-8751fa5502f0}.Debug|Any CPU.ActiveCfg = Debug|Any CPU
		{51e346cc-36d7-4b06-0e44-8751fa5502f0}.Debug|Any CPU.Build.0 = Debug|Any CPU
		{2d01521e-4117-df4e-fd3c-7c1fc08f9478}.Debug|Any CPU.ActiveCfg = Debug|Any CPU
		{2d01521e-4117-df4e-fd3c-7c1fc08f9478}.Debug|Any CPU.Build.0 = Debug|Any CPU
		{507e3dc2-fad9-83dd-393c-272e4d49353f}.Debug|Any CPU.ActiveCfg = Debug|Any CPU
		{507e3dc2-fad9-83dd-393c-272e4d49353f}.Debug|Any CPU.Build.0 = Debug|Any CPU
	EndGlobalSection
	GlobalSection(SolutionProperties) = preSolution
		HideSolutionNode = FALSE
	EndGlobalSection
EndGlobal
